// !$*UTF8*$!
{
	archiveVersion = 1;
	classes = {
	};
	objectVersion = 48;
	objects = {

/* Begin PBXBuildFile section */
		9C624AA9205AB54200C4734E /* PageTitleView.swift in Sources */ = {isa = PBXBuildFile; fileRef = 9C624AA8205AB54200C4734E /* PageTitleView.swift */; };
		9C624AAB205AB74D00C4734E /* Common.swift in Sources */ = {isa = PBXBuildFile; fileRef = 9C624AAA205AB74D00C4734E /* Common.swift */; };
		9C624AAD205ABC6F00C4734E /* UIColor-Extension.swift in Sources */ = {isa = PBXBuildFile; fileRef = 9C624AAC205ABC6F00C4734E /* UIColor-Extension.swift */; };
		9C624AAF205AC51D00C4734E /* PageContentView.swift in Sources */ = {isa = PBXBuildFile; fileRef = 9C624AAE205AC51D00C4734E /* PageContentView.swift */; };
		9C63FEAC205A059D00AF17DE /* AppDelegate.swift in Sources */ = {isa = PBXBuildFile; fileRef = 9C63FEAB205A059D00AF17DE /* AppDelegate.swift */; };
		9C63FEB1205A059D00AF17DE /* Main.storyboard in Resources */ = {isa = PBXBuildFile; fileRef = 9C63FEAF205A059D00AF17DE /* Main.storyboard */; };
		9C63FEB3205A059D00AF17DE /* Assets.xcassets in Resources */ = {isa = PBXBuildFile; fileRef = 9C63FEB2205A059D00AF17DE /* Assets.xcassets */; };
		9C63FEB6205A059D00AF17DE /* LaunchScreen.storyboard in Resources */ = {isa = PBXBuildFile; fileRef = 9C63FEB4205A059D00AF17DE /* LaunchScreen.storyboard */; };
		9C63FEC1205A059E00AF17DE /* PLLiveTests.swift in Sources */ = {isa = PBXBuildFile; fileRef = 9C63FEC0205A059E00AF17DE /* PLLiveTests.swift */; };
		9C63FECC205A059E00AF17DE /* PLLiveUITests.swift in Sources */ = {isa = PBXBuildFile; fileRef = 9C63FECB205A059E00AF17DE /* PLLiveUITests.swift */; };
		9C63FEE1205A0D5C00AF17DE /* Home.storyboard in Resources */ = {isa = PBXBuildFile; fileRef = 9C63FEDF205A0D5C00AF17DE /* Home.storyboard */; };
		9C63FEE4205A0DFD00AF17DE /* Live.storyboard in Resources */ = {isa = PBXBuildFile; fileRef = 9C63FEE2205A0DFD00AF17DE /* Live.storyboard */; };
		9C63FEE7205A0E5E00AF17DE /* Follow.storyboard in Resources */ = {isa = PBXBuildFile; fileRef = 9C63FEE5205A0E5E00AF17DE /* Follow.storyboard */; };
		9C63FEEA205A0E8800AF17DE /* Profile.storyboard in Resources */ = {isa = PBXBuildFile; fileRef = 9C63FEE8205A0E8800AF17DE /* Profile.storyboard */; };
		9C63FEEF205A13EC00AF17DE /* HomeViewController.swift in Sources */ = {isa = PBXBuildFile; fileRef = 9C63FEEE205A13EC00AF17DE /* HomeViewController.swift */; };
		9C63FEF2205A1B8D00AF17DE /* UIBarButtonItem-extension.swift in Sources */ = {isa = PBXBuildFile; fileRef = 9C63FEF1205A1B8D00AF17DE /* UIBarButtonItem-extension.swift */; };
/* End PBXBuildFile section */

/* Begin PBXContainerItemProxy section */
		9C63FEBD205A059D00AF17DE /* PBXContainerItemProxy */ = {
			isa = PBXContainerItemProxy;
			containerPortal = 9C63FEA0205A059D00AF17DE /* Project object */;
			proxyType = 1;
			remoteGlobalIDString = 9C63FEA7205A059D00AF17DE;
			remoteInfo = PLLive;
		};
		9C63FEC8205A059E00AF17DE /* PBXContainerItemProxy */ = {
			isa = PBXContainerItemProxy;
			containerPortal = 9C63FEA0205A059D00AF17DE /* Project object */;
			proxyType = 1;
			remoteGlobalIDString = 9C63FEA7205A059D00AF17DE;
			remoteInfo = PLLive;
		};
/* End PBXContainerItemProxy section */

/* Begin PBXFileReference section */
		9C624AA8205AB54200C4734E /* PageTitleView.swift */ = {isa = PBXFileReference; lastKnownFileType = sourcecode.swift; path = PageTitleView.swift; sourceTree = "<group>"; };
		9C624AAA205AB74D00C4734E /* Common.swift */ = {isa = PBXFileReference; lastKnownFileType = sourcecode.swift; path = Common.swift; sourceTree = "<group>"; };
		9C624AAC205ABC6F00C4734E /* UIColor-Extension.swift */ = {isa = PBXFileReference; lastKnownFileType = sourcecode.swift; path = "UIColor-Extension.swift"; sourceTree = "<group>"; };
		9C624AAE205AC51D00C4734E /* PageContentView.swift */ = {isa = PBXFileReference; lastKnownFileType = sourcecode.swift; path = PageContentView.swift; sourceTree = "<group>"; };
		9C63FEA8205A059D00AF17DE /* PLLive.app */ = {isa = PBXFileReference; explicitFileType = wrapper.application; includeInIndex = 0; path = PLLive.app; sourceTree = BUILT_PRODUCTS_DIR; };
		9C63FEAB205A059D00AF17DE /* AppDelegate.swift */ = {isa = PBXFileReference; lastKnownFileType = sourcecode.swift; path = AppDelegate.swift; sourceTree = "<group>"; };
		9C63FEB0205A059D00AF17DE /* Base */ = {isa = PBXFileReference; lastKnownFileType = file.storyboard; name = Base; path = Base.lproj/Main.storyboard; sourceTree = "<group>"; };
		9C63FEB2205A059D00AF17DE /* Assets.xcassets */ = {isa = PBXFileReference; lastKnownFileType = folder.assetcatalog; path = Assets.xcassets; sourceTree = "<group>"; };
		9C63FEB5205A059D00AF17DE /* Base */ = {isa = PBXFileReference; lastKnownFileType = file.storyboard; name = Base; path = Base.lproj/LaunchScreen.storyboard; sourceTree = "<group>"; };
		9C63FEB7205A059D00AF17DE /* Info.plist */ = {isa = PBXFileReference; lastKnownFileType = text.plist.xml; path = Info.plist; sourceTree = "<group>"; };
		9C63FEBC205A059D00AF17DE /* PLLiveTests.xctest */ = {isa = PBXFileReference; explicitFileType = wrapper.cfbundle; includeInIndex = 0; path = PLLiveTests.xctest; sourceTree = BUILT_PRODUCTS_DIR; };
		9C63FEC0205A059E00AF17DE /* PLLiveTests.swift */ = {isa = PBXFileReference; lastKnownFileType = sourcecode.swift; path = PLLiveTests.swift; sourceTree = "<group>"; };
		9C63FEC2205A059E00AF17DE /* Info.plist */ = {isa = PBXFileReference; lastKnownFileType = text.plist.xml; path = Info.plist; sourceTree = "<group>"; };
		9C63FEC7205A059E00AF17DE /* PLLiveUITests.xctest */ = {isa = PBXFileReference; explicitFileType = wrapper.cfbundle; includeInIndex = 0; path = PLLiveUITests.xctest; sourceTree = BUILT_PRODUCTS_DIR; };
		9C63FECB205A059E00AF17DE /* PLLiveUITests.swift */ = {isa = PBXFileReference; lastKnownFileType = sourcecode.swift; path = PLLiveUITests.swift; sourceTree = "<group>"; };
		9C63FECD205A059E00AF17DE /* Info.plist */ = {isa = PBXFileReference; lastKnownFileType = text.plist.xml; path = Info.plist; sourceTree = "<group>"; };
		9C63FEE0205A0D5C00AF17DE /* Base */ = {isa = PBXFileReference; lastKnownFileType = file.storyboard; name = Base; path = PLLive/Main/Base.lproj/Home.storyboard; sourceTree = "<group>"; };
		9C63FEE3205A0DFD00AF17DE /* Base */ = {isa = PBXFileReference; lastKnownFileType = file.storyboard; name = Base; path = PLLive/Main/Base.lproj/Live.storyboard; sourceTree = "<group>"; };
		9C63FEE6205A0E5E00AF17DE /* Base */ = {isa = PBXFileReference; lastKnownFileType = file.storyboard; name = Base; path = PLLive/Main/Base.lproj/Follow.storyboard; sourceTree = "<group>"; };
		9C63FEE9205A0E8800AF17DE /* Base */ = {isa = PBXFileReference; lastKnownFileType = file.storyboard; name = Base; path = PLLive/Main/Base.lproj/Profile.storyboard; sourceTree = "<group>"; };
		9C63FEEE205A13EC00AF17DE /* HomeViewController.swift */ = {isa = PBXFileReference; lastKnownFileType = sourcecode.swift; path = HomeViewController.swift; sourceTree = "<group>"; };
		9C63FEF1205A1B8D00AF17DE /* UIBarButtonItem-extension.swift */ = {isa = PBXFileReference; lastKnownFileType = sourcecode.swift; path = "UIBarButtonItem-extension.swift"; sourceTree = "<group>"; };
/* End PBXFileReference section */

/* Begin PBXFrameworksBuildPhase section */
		9C63FEA5205A059D00AF17DE /* Frameworks */ = {
			isa = PBXFrameworksBuildPhase;
			buildActionMask = 2147483647;
			files = (
			);
			runOnlyForDeploymentPostprocessing = 0;
		};
		9C63FEB9205A059D00AF17DE /* Frameworks */ = {
			isa = PBXFrameworksBuildPhase;
			buildActionMask = 2147483647;
			files = (
			);
			runOnlyForDeploymentPostprocessing = 0;
		};
		9C63FEC4205A059E00AF17DE /* Frameworks */ = {
			isa = PBXFrameworksBuildPhase;
			buildActionMask = 2147483647;
			files = (
			);
			runOnlyForDeploymentPostprocessing = 0;
		};
/* End PBXFrameworksBuildPhase section */

/* Begin PBXGroup section */
		9C624AA7205AB52300C4734E /* View */ = {
			isa = PBXGroup;
			children = (
				9C624AA8205AB54200C4734E /* PageTitleView.swift */,
				9C624AAE205AC51D00C4734E /* PageContentView.swift */,
			);
			path = View;
			sourceTree = "<group>";
		};
		9C63FE9F205A059D00AF17DE = {
			isa = PBXGroup;
			children = (
				9C63FEE8205A0E8800AF17DE /* Profile.storyboard */,
				9C63FEE5205A0E5E00AF17DE /* Follow.storyboard */,
				9C63FEE2205A0DFD00AF17DE /* Live.storyboard */,
				9C63FEAA205A059D00AF17DE /* PLLive */,
				9C63FEBF205A059E00AF17DE /* PLLiveTests */,
				9C63FECA205A059E00AF17DE /* PLLiveUITests */,
				9C63FEA9205A059D00AF17DE /* Products */,
			);
			sourceTree = "<group>";
		};
		9C63FEA9205A059D00AF17DE /* Products */ = {
			isa = PBXGroup;
			children = (
				9C63FEA8205A059D00AF17DE /* PLLive.app */,
				9C63FEBC205A059D00AF17DE /* PLLiveTests.xctest */,
				9C63FEC7205A059E00AF17DE /* PLLiveUITests.xctest */,
			);
			name = Products;
			sourceTree = "<group>";
		};
		9C63FEAA205A059D00AF17DE /* PLLive */ = {
			isa = PBXGroup;
			children = (
				9C63FEDB205A094A00AF17DE /* Main */,
				9C63FEDD205A097E00AF17DE /* Home */,
				9C63FEDC205A095400AF17DE /* Live */,
				9C63FEDE205A09D300AF17DE /* Follow */,
				9C63FEDA205A094300AF17DE /* Profile */,
				9C63FED9205A093B00AF17DE /* Tools */,
				9C63FEAB205A059D00AF17DE /* AppDelegate.swift */,
				9C63FEB2205A059D00AF17DE /* Assets.xcassets */,
				9C63FEB4205A059D00AF17DE /* LaunchScreen.storyboard */,
				9C63FEB7205A059D00AF17DE /* Info.plist */,
			);
			path = PLLive;
			sourceTree = "<group>";
		};
		9C63FEBF205A059E00AF17DE /* PLLiveTests */ = {
			isa = PBXGroup;
			children = (
				9C63FEC0205A059E00AF17DE /* PLLiveTests.swift */,
				9C63FEC2205A059E00AF17DE /* Info.plist */,
			);
			path = PLLiveTests;
			sourceTree = "<group>";
		};
		9C63FECA205A059E00AF17DE /* PLLiveUITests */ = {
			isa = PBXGroup;
			children = (
				9C63FECB205A059E00AF17DE /* PLLiveUITests.swift */,
				9C63FECD205A059E00AF17DE /* Info.plist */,
			);
			path = PLLiveUITests;
			sourceTree = "<group>";
		};
		9C63FED9205A093B00AF17DE /* Tools */ = {
			isa = PBXGroup;
			children = (
				9C63FEF0205A1B4900AF17DE /* Extension */,
				9C624AAA205AB74D00C4734E /* Common.swift */,
			);
			path = Tools;
			sourceTree = "<group>";
		};
		9C63FEDA205A094300AF17DE /* Profile */ = {
			isa = PBXGroup;
			children = (
			);
			path = Profile;
			sourceTree = "<group>";
		};
		9C63FEDB205A094A00AF17DE /* Main */ = {
			isa = PBXGroup;
			children = (
				9C624AA7205AB52300C4734E /* View */,
				9C63FEAF205A059D00AF17DE /* Main.storyboard */,
			);
			path = Main;
			sourceTree = "<group>";
		};
		9C63FEDC205A095400AF17DE /* Live */ = {
			isa = PBXGroup;
			children = (
			);
			path = Live;
			sourceTree = "<group>";
		};
		9C63FEDD205A097E00AF17DE /* Home */ = {
			isa = PBXGroup;
			children = (
				9C63FEED205A138D00AF17DE /* Controller */,
				9C63FEEC205A138600AF17DE /* View */,
				9C63FEEB205A137F00AF17DE /* Model */,
			);
			path = Home;
			sourceTree = "<group>";
		};
		9C63FEDE205A09D300AF17DE /* Follow */ = {
			isa = PBXGroup;
			children = (
			);
			path = Follow;
			sourceTree = "<group>";
		};
		9C63FEEB205A137F00AF17DE /* Model */ = {
			isa = PBXGroup;
			children = (
			);
			path = Model;
			sourceTree = "<group>";
		};
		9C63FEEC205A138600AF17DE /* View */ = {
			isa = PBXGroup;
			children = (
			);
			path = View;
			sourceTree = "<group>";
		};
		9C63FEED205A138D00AF17DE /* Controller */ = {
			isa = PBXGroup;
			children = (
				9C63FEDF205A0D5C00AF17DE /* Home.storyboard */,
				9C63FEEE205A13EC00AF17DE /* HomeViewController.swift */,
			);
			path = Controller;
			sourceTree = "<group>";
		};
		9C63FEF0205A1B4900AF17DE /* Extension */ = {
			isa = PBXGroup;
			children = (
				9C63FEF1205A1B8D00AF17DE /* UIBarButtonItem-extension.swift */,
				9C624AAC205ABC6F00C4734E /* UIColor-Extension.swift */,
			);
			path = Extension;
			sourceTree = "<group>";
		};
/* End PBXGroup section */

/* Begin PBXNativeTarget section */
		9C63FEA7205A059D00AF17DE /* PLLive */ = {
			isa = PBXNativeTarget;
			buildConfigurationList = 9C63FED0205A059E00AF17DE /* Build configuration list for PBXNativeTarget "PLLive" */;
			buildPhases = (
				9C63FEA4205A059D00AF17DE /* Sources */,
				9C63FEA5205A059D00AF17DE /* Frameworks */,
				9C63FEA6205A059D00AF17DE /* Resources */,
			);
			buildRules = (
			);
			dependencies = (
			);
			name = PLLive;
			productName = PLLive;
			productReference = 9C63FEA8205A059D00AF17DE /* PLLive.app */;
			productType = "com.apple.product-type.application";
		};
		9C63FEBB205A059D00AF17DE /* PLLiveTests */ = {
			isa = PBXNativeTarget;
			buildConfigurationList = 9C63FED3205A059E00AF17DE /* Build configuration list for PBXNativeTarget "PLLiveTests" */;
			buildPhases = (
				9C63FEB8205A059D00AF17DE /* Sources */,
				9C63FEB9205A059D00AF17DE /* Frameworks */,
				9C63FEBA205A059D00AF17DE /* Resources */,
			);
			buildRules = (
			);
			dependencies = (
				9C63FEBE205A059D00AF17DE /* PBXTargetDependency */,
			);
			name = PLLiveTests;
			productName = PLLiveTests;
			productReference = 9C63FEBC205A059D00AF17DE /* PLLiveTests.xctest */;
			productType = "com.apple.product-type.bundle.unit-test";
		};
		9C63FEC6205A059E00AF17DE /* PLLiveUITests */ = {
			isa = PBXNativeTarget;
			buildConfigurationList = 9C63FED6205A059E00AF17DE /* Build configuration list for PBXNativeTarget "PLLiveUITests" */;
			buildPhases = (
				9C63FEC3205A059E00AF17DE /* Sources */,
				9C63FEC4205A059E00AF17DE /* Frameworks */,
				9C63FEC5205A059E00AF17DE /* Resources */,
			);
			buildRules = (
			);
			dependencies = (
				9C63FEC9205A059E00AF17DE /* PBXTargetDependency */,
			);
			name = PLLiveUITests;
			productName = PLLiveUITests;
			productReference = 9C63FEC7205A059E00AF17DE /* PLLiveUITests.xctest */;
			productType = "com.apple.product-type.bundle.ui-testing";
		};
/* End PBXNativeTarget section */

/* Begin PBXProject section */
		9C63FEA0205A059D00AF17DE /* Project object */ = {
			isa = PBXProject;
			attributes = {
				LastSwiftUpdateCheck = 0920;
				LastUpgradeCheck = 0920;
				ORGANIZATIONNAME = zpz;
				TargetAttributes = {
					9C63FEA7205A059D00AF17DE = {
						CreatedOnToolsVersion = 9.2;
						ProvisioningStyle = Automatic;
					};
					9C63FEBB205A059D00AF17DE = {
						CreatedOnToolsVersion = 9.2;
						ProvisioningStyle = Automatic;
						TestTargetID = 9C63FEA7205A059D00AF17DE;
					};
					9C63FEC6205A059E00AF17DE = {
						CreatedOnToolsVersion = 9.2;
						ProvisioningStyle = Automatic;
						TestTargetID = 9C63FEA7205A059D00AF17DE;
					};
				};
			};
			buildConfigurationList = 9C63FEA3205A059D00AF17DE /* Build configuration list for PBXProject "PLLive" */;
			compatibilityVersion = "Xcode 8.0";
			developmentRegion = en;
			hasScannedForEncodings = 0;
			knownRegions = (
				en,
				Base,
			);
			mainGroup = 9C63FE9F205A059D00AF17DE;
			productRefGroup = 9C63FEA9205A059D00AF17DE /* Products */;
			projectDirPath = "";
			projectRoot = "";
			targets = (
				9C63FEA7205A059D00AF17DE /* PLLive */,
				9C63FEBB205A059D00AF17DE /* PLLiveTests */,
				9C63FEC6205A059E00AF17DE /* PLLiveUITests */,
			);
		};
/* End PBXProject section */

/* Begin PBXResourcesBuildPhase section */
		9C63FEA6205A059D00AF17DE /* Resources */ = {
			isa = PBXResourcesBuildPhase;
			buildActionMask = 2147483647;
			files = (
				9C63FEB6205A059D00AF17DE /* LaunchScreen.storyboard in Resources */,
				9C63FEB3205A059D00AF17DE /* Assets.xcassets in Resources */,
				9C63FEB1205A059D00AF17DE /* Main.storyboard in Resources */,
				9C63FEE4205A0DFD00AF17DE /* Live.storyboard in Resources */,
				9C63FEE1205A0D5C00AF17DE /* Home.storyboard in Resources */,
				9C63FEEA205A0E8800AF17DE /* Profile.storyboard in Resources */,
				9C63FEE7205A0E5E00AF17DE /* Follow.storyboard in Resources */,
			);
			runOnlyForDeploymentPostprocessing = 0;
		};
		9C63FEBA205A059D00AF17DE /* Resources */ = {
			isa = PBXResourcesBuildPhase;
			buildActionMask = 2147483647;
			files = (
			);
			runOnlyForDeploymentPostprocessing = 0;
		};
		9C63FEC5205A059E00AF17DE /* Resources */ = {
			isa = PBXResourcesBuildPhase;
			buildActionMask = 2147483647;
			files = (
			);
			runOnlyForDeploymentPostprocessing = 0;
		};
/* End PBXResourcesBuildPhase section */

/* Begin PBXSourcesBuildPhase section */
		9C63FEA4205A059D00AF17DE /* Sources */ = {
			isa = PBXSourcesBuildPhase;
			buildActionMask = 2147483647;
			files = (
				9C624AA9205AB54200C4734E /* PageTitleView.swift in Sources */,
				9C624AAD205ABC6F00C4734E /* UIColor-Extension.swift in Sources */,
				9C63FEF2205A1B8D00AF17DE /* UIBarButtonItem-extension.swift in Sources */,
				9C624AAF205AC51D00C4734E /* PageContentView.swift in Sources */,
				9C63FEAC205A059D00AF17DE /* AppDelegate.swift in Sources */,
				9C624AAB205AB74D00C4734E /* Common.swift in Sources */,
				9C63FEEF205A13EC00AF17DE /* HomeViewController.swift in Sources */,
			);
			runOnlyForDeploymentPostprocessing = 0;
		};
		9C63FEB8205A059D00AF17DE /* Sources */ = {
			isa = PBXSourcesBuildPhase;
			buildActionMask = 2147483647;
			files = (
				9C63FEC1205A059E00AF17DE /* PLLiveTests.swift in Sources */,
			);
			runOnlyForDeploymentPostprocessing = 0;
		};
		9C63FEC3205A059E00AF17DE /* Sources */ = {
			isa = PBXSourcesBuildPhase;
			buildActionMask = 2147483647;
			files = (
				9C63FECC205A059E00AF17DE /* PLLiveUITests.swift in Sources */,
			);
			runOnlyForDeploymentPostprocessing = 0;
		};
/* End PBXSourcesBuildPhase section */

/* Begin PBXTargetDependency section */
		9C63FEBE205A059D00AF17DE /* PBXTargetDependency */ = {
			isa = PBXTargetDependency;
			target = 9C63FEA7205A059D00AF17DE /* PLLive */;
			targetProxy = 9C63FEBD205A059D00AF17DE /* PBXContainerItemProxy */;
		};
		9C63FEC9205A059E00AF17DE /* PBXTargetDependency */ = {
			isa = PBXTargetDependency;
			target = 9C63FEA7205A059D00AF17DE /* PLLive */;
			targetProxy = 9C63FEC8205A059E00AF17DE /* PBXContainerItemProxy */;
		};
/* End PBXTargetDependency section */

/* Begin PBXVariantGroup section */
		9C63FEAF205A059D00AF17DE /* Main.storyboard */ = {
			isa = PBXVariantGroup;
			children = (
				9C63FEB0205A059D00AF17DE /* Base */,
			);
			name = Main.storyboard;
			sourceTree = "<group>";
		};
		9C63FEB4205A059D00AF17DE /* LaunchScreen.storyboard */ = {
			isa = PBXVariantGroup;
			children = (
				9C63FEB5205A059D00AF17DE /* Base */,
			);
			name = LaunchScreen.storyboard;
			sourceTree = "<group>";
		};
		9C63FEDF205A0D5C00AF17DE /* Home.storyboard */ = {
			isa = PBXVariantGroup;
			children = (
				9C63FEE0205A0D5C00AF17DE /* Base */,
			);
			name = Home.storyboard;
			sourceTree = "<group>";
		};
		9C63FEE2205A0DFD00AF17DE /* Live.storyboard */ = {
			isa = PBXVariantGroup;
			children = (
				9C63FEE3205A0DFD00AF17DE /* Base */,
			);
			name = Live.storyboard;
			sourceTree = "<group>";
		};
		9C63FEE5205A0E5E00AF17DE /* Follow.storyboard */ = {
			isa = PBXVariantGroup;
			children = (
				9C63FEE6205A0E5E00AF17DE /* Base */,
			);
			name = Follow.storyboard;
			sourceTree = "<group>";
		};
		9C63FEE8205A0E8800AF17DE /* Profile.storyboard */ = {
			isa = PBXVariantGroup;
			children = (
				9C63FEE9205A0E8800AF17DE /* Base */,
			);
			name = Profile.storyboard;
			sourceTree = "<group>";
		};
/* End PBXVariantGroup section */

/* Begin XCBuildConfiguration section */
		9C63FECE205A059E00AF17DE /* Debug */ = {
			isa = XCBuildConfiguration;
			buildSettings = {
				ALWAYS_SEARCH_USER_PATHS = NO;
				CLANG_ANALYZER_NONNULL = YES;
				CLANG_ANALYZER_NUMBER_OBJECT_CONVERSION = YES_AGGRESSIVE;
				CLANG_CXX_LANGUAGE_STANDARD = "gnu++14";
				CLANG_CXX_LIBRARY = "libc++";
				CLANG_ENABLE_MODULES = YES;
				CLANG_ENABLE_OBJC_ARC = YES;
				CLANG_WARN_BLOCK_CAPTURE_AUTORELEASING = YES;
				CLANG_WARN_BOOL_CONVERSION = YES;
				CLANG_WARN_COMMA = YES;
				CLANG_WARN_CONSTANT_CONVERSION = YES;
				CLANG_WARN_DIRECT_OBJC_ISA_USAGE = YES_ERROR;
				CLANG_WARN_DOCUMENTATION_COMMENTS = YES;
				CLANG_WARN_EMPTY_BODY = YES;
				CLANG_WARN_ENUM_CONVERSION = YES;
				CLANG_WARN_INFINITE_RECURSION = YES;
				CLANG_WARN_INT_CONVERSION = YES;
				CLANG_WARN_NON_LITERAL_NULL_CONVERSION = YES;
				CLANG_WARN_OBJC_LITERAL_CONVERSION = YES;
				CLANG_WARN_OBJC_ROOT_CLASS = YES_ERROR;
				CLANG_WARN_RANGE_LOOP_ANALYSIS = YES;
				CLANG_WARN_STRICT_PROTOTYPES = YES;
				CLANG_WARN_SUSPICIOUS_MOVE = YES;
				CLANG_WARN_UNGUARDED_AVAILABILITY = YES_AGGRESSIVE;
				CLANG_WARN_UNREACHABLE_CODE = YES;
				CLANG_WARN__DUPLICATE_METHOD_MATCH = YES;
				CODE_SIGN_IDENTITY = "iPhone Developer";
				COPY_PHASE_STRIP = NO;
				DEBUG_INFORMATION_FORMAT = dwarf;
				ENABLE_STRICT_OBJC_MSGSEND = YES;
				ENABLE_TESTABILITY = YES;
				GCC_C_LANGUAGE_STANDARD = gnu11;
				GCC_DYNAMIC_NO_PIC = NO;
				GCC_NO_COMMON_BLOCKS = YES;
				GCC_OPTIMIZATION_LEVEL = 0;
				GCC_PREPROCESSOR_DEFINITIONS = (
					"DEBUG=1",
					"$(inherited)",
				);
				GCC_WARN_64_TO_32_BIT_CONVERSION = YES;
				GCC_WARN_ABOUT_RETURN_TYPE = YES_ERROR;
				GCC_WARN_UNDECLARED_SELECTOR = YES;
				GCC_WARN_UNINITIALIZED_AUTOS = YES_AGGRESSIVE;
				GCC_WARN_UNUSED_FUNCTION = YES;
				GCC_WARN_UNUSED_VARIABLE = YES;
				IPHONEOS_DEPLOYMENT_TARGET = 11.2;
				MTL_ENABLE_DEBUG_INFO = YES;
				ONLY_ACTIVE_ARCH = YES;
				SDKROOT = iphoneos;
				SWIFT_ACTIVE_COMPILATION_CONDITIONS = DEBUG;
				SWIFT_OPTIMIZATION_LEVEL = "-Onone";
			};
			name = Debug;
		};
		9C63FECF205A059E00AF17DE /* Release */ = {
			isa = XCBuildConfiguration;
			buildSettings = {
				ALWAYS_SEARCH_USER_PATHS = NO;
				CLANG_ANALYZER_NONNULL = YES;
				CLANG_ANALYZER_NUMBER_OBJECT_CONVERSION = YES_AGGRESSIVE;
				CLANG_CXX_LANGUAGE_STANDARD = "gnu++14";
				CLANG_CXX_LIBRARY = "libc++";
				CLANG_ENABLE_MODULES = YES;
				CLANG_ENABLE_OBJC_ARC = YES;
				CLANG_WARN_BLOCK_CAPTURE_AUTORELEASING = YES;
				CLANG_WARN_BOOL_CONVERSION = YES;
				CLANG_WARN_COMMA = YES;
				CLANG_WARN_CONSTANT_CONVERSION = YES;
				CLANG_WARN_DIRECT_OBJC_ISA_USAGE = YES_ERROR;
				CLANG_WARN_DOCUMENTATION_COMMENTS = YES;
				CLANG_WARN_EMPTY_BODY = YES;
				CLANG_WARN_ENUM_CONVERSION = YES;
				CLANG_WARN_INFINITE_RECURSION = YES;
				CLANG_WARN_INT_CONVERSION = YES;
				CLANG_WARN_NON_LITERAL_NULL_CONVERSION = YES;
				CLANG_WARN_OBJC_LITERAL_CONVERSION = YES;
				CLANG_WARN_OBJC_ROOT_CLASS = YES_ERROR;
				CLANG_WARN_RANGE_LOOP_ANALYSIS = YES;
				CLANG_WARN_STRICT_PROTOTYPES = YES;
				CLANG_WARN_SUSPICIOUS_MOVE = YES;
				CLANG_WARN_UNGUARDED_AVAILABILITY = YES_AGGRESSIVE;
				CLANG_WARN_UNREACHABLE_CODE = YES;
				CLANG_WARN__DUPLICATE_METHOD_MATCH = YES;
				CODE_SIGN_IDENTITY = "iPhone Developer";
				COPY_PHASE_STRIP = NO;
				DEBUG_INFORMATION_FORMAT = "dwarf-with-dsym";
				ENABLE_NS_ASSERTIONS = NO;
				ENABLE_STRICT_OBJC_MSGSEND = YES;
				GCC_C_LANGUAGE_STANDARD = gnu11;
				GCC_NO_COMMON_BLOCKS = YES;
				GCC_WARN_64_TO_32_BIT_CONVERSION = YES;
				GCC_WARN_ABOUT_RETURN_TYPE = YES_ERROR;
				GCC_WARN_UNDECLARED_SELECTOR = YES;
				GCC_WARN_UNINITIALIZED_AUTOS = YES_AGGRESSIVE;
				GCC_WARN_UNUSED_FUNCTION = YES;
				GCC_WARN_UNUSED_VARIABLE = YES;
				IPHONEOS_DEPLOYMENT_TARGET = 11.2;
				MTL_ENABLE_DEBUG_INFO = NO;
				SDKROOT = iphoneos;
				SWIFT_OPTIMIZATION_LEVEL = "-Owholemodule";
				VALIDATE_PRODUCT = YES;
			};
			name = Release;
		};
		9C63FED1205A059E00AF17DE /* Debug */ = {
			isa = XCBuildConfiguration;
			buildSettings = {
				ASSETCATALOG_COMPILER_APPICON_NAME = AppIcon;
				ASSETCATALOG_COMPILER_LAUNCHIMAGE_NAME = LaunchImage;
				CODE_SIGN_STYLE = Automatic;
				INFOPLIST_FILE = PLLive/Info.plist;
				LD_RUNPATH_SEARCH_PATHS = "$(inherited) @executable_path/Frameworks";
				PRODUCT_BUNDLE_IDENTIFIER = zhiqiantong.PLLive;
				PRODUCT_NAME = "$(TARGET_NAME)";
				SWIFT_VERSION = 4.0;
				TARGETED_DEVICE_FAMILY = 1;
			};
			name = Debug;
		};
		9C63FED2205A059E00AF17DE /* Release */ = {
			isa = XCBuildConfiguration;
			buildSettings = {
				ASSETCATALOG_COMPILER_APPICON_NAME = AppIcon;
				ASSETCATALOG_COMPILER_LAUNCHIMAGE_NAME = LaunchImage;
				CODE_SIGN_STYLE = Automatic;
				INFOPLIST_FILE = PLLive/Info.plist;
				LD_RUNPATH_SEARCH_PATHS = "$(inherited) @executable_path/Frameworks";
				PRODUCT_BUNDLE_IDENTIFIER = zhiqiantong.PLLive;
				PRODUCT_NAME = "$(TARGET_NAME)";
				SWIFT_VERSION = 4.0;
				TARGETED_DEVICE_FAMILY = 1;
			};
			name = Release;
		};
		9C63FED4205A059E00AF17DE /* Debug */ = {
			isa = XCBuildConfiguration;
			buildSettings = {
				ALWAYS_EMBED_SWIFT_STANDARD_LIBRARIES = YES;
				BUNDLE_LOADER = "$(TEST_HOST)";
				CODE_SIGN_STYLE = Automatic;
				INFOPLIST_FILE = PLLiveTests/Info.plist;
				LD_RUNPATH_SEARCH_PATHS = "$(inherited) @executable_path/Frameworks @loader_path/Frameworks";
				PRODUCT_BUNDLE_IDENTIFIER = zhiqiantong.PLLiveTests;
				PRODUCT_NAME = "$(TARGET_NAME)";
				SWIFT_VERSION = 4.0;
				TARGETED_DEVICE_FAMILY = "1,2";
				TEST_HOST = "$(BUILT_PRODUCTS_DIR)/PLLive.app/PLLive";
			};
			name = Debug;
		};
		9C63FED5205A059E00AF17DE /* Release */ = {
			isa = XCBuildConfiguration;
			buildSettings = {
				ALWAYS_EMBED_SWIFT_STANDARD_LIBRARIES = YES;
				BUNDLE_LOADER = "$(TEST_HOST)";
				CODE_SIGN_STYLE = Automatic;
				INFOPLIST_FILE = PLLiveTests/Info.plist;
				LD_RUNPATH_SEARCH_PATHS = "$(inherited) @executable_path/Frameworks @loader_path/Frameworks";
				PRODUCT_BUNDLE_IDENTIFIER = zhiqiantong.PLLiveTests;
				PRODUCT_NAME = "$(TARGET_NAME)";
				SWIFT_VERSION = 4.0;
				TARGETED_DEVICE_FAMILY = "1,2";
				TEST_HOST = "$(BUILT_PRODUCTS_DIR)/PLLive.app/PLLive";
			};
			name = Release;
		};
		9C63FED7205A059E00AF17DE /* Debug */ = {
			isa = XCBuildConfiguration;
			buildSettings = {
				ALWAYS_EMBED_SWIFT_STANDARD_LIBRARIES = YES;
				CODE_SIGN_STYLE = Automatic;
				INFOPLIST_FILE = PLLiveUITests/Info.plist;
				LD_RUNPATH_SEARCH_PATHS = "$(inherited) @executable_path/Frameworks @loader_path/Frameworks";
				PRODUCT_BUNDLE_IDENTIFIER = zhiqiantong.PLLiveUITests;
				PRODUCT_NAME = "$(TARGET_NAME)";
				SWIFT_VERSION = 4.0;
				TARGETED_DEVICE_FAMILY = "1,2";
				TEST_TARGET_NAME = PLLive;
			};
			name = Debug;
		};
		9C63FED8205A059E00AF17DE /* Release */ = {
			isa = XCBuildConfiguration;
			buildSettings = {
				ALWAYS_EMBED_SWIFT_STANDARD_LIBRARIES = YES;
				CODE_SIGN_STYLE = Automatic;
				INFOPLIST_FILE = PLLiveUITests/Info.plist;
				LD_RUNPATH_SEARCH_PATHS = "$(inherited) @executable_path/Frameworks @loader_path/Frameworks";
				PRODUCT_BUNDLE_IDENTIFIER = zhiqiantong.PLLiveUITests;
				PRODUCT_NAME = "$(TARGET_NAME)";
				SWIFT_VERSION = 4.0;
				TARGETED_DEVICE_FAMILY = "1,2";
				TEST_TARGET_NAME = PLLive;
			};
			name = Release;
		};
/* End XCBuildConfiguration section */

/* Begin XCConfigurationList section */
		9C63FEA3205A059D00AF17DE /* Build configuration list for PBXProject "PLLive" */ = {
			isa = XCConfigurationList;
			buildConfigurations = (
				9C63FECE205A059E00AF17DE /* Debug */,
				9C63FECF205A059E00AF17DE /* Release */,
			);
			defaultConfigurationIsVisible = 0;
			defaultConfigurationName = Release;
		};
		9C63FED0205A059E00AF17DE /* Build configuration list for PBXNativeTarget "PLLive" */ = {
			isa = XCConfigurationList;
			buildConfigurations = (
				9C63FED1205A059E00AF17DE /* Debug */,
				9C63FED2205A059E00AF17DE /* Release */,
			);
			defaultConfigurationIsVisible = 0;
			defaultConfigurationName = Release;
		};
		9C63FED3205A059E00AF17DE /* Build configuration list for PBXNativeTarget "PLLiveTests" */ = {
			isa = XCConfigurationList;
			buildConfigurations = (
				9C63FED4205A059E00AF17DE /* Debug */,
				9C63FED5205A059E00AF17DE /* Release */,
			);
			defaultConfigurationIsVisible = 0;
			defaultConfigurationName = Release;
		};
		9C63FED6205A059E00AF17DE /* Build configuration list for PBXNativeTarget "PLLiveUITests" */ = {
			isa = XCConfigurationList;
			buildConfigurations = (
				9C63FED7205A059E00AF17DE /* Debug */,
				9C63FED8205A059E00AF17DE /* Release */,
			);
			defaultConfigurationIsVisible = 0;
			defaultConfigurationName = Release;
		};
/* End XCConfigurationList section */
	};
	rootObject = 9C63FEA0205A059D00AF17DE /* Project object */;
}
